
Microsoft Visual Studio Solution File, Format Version 12.00
# Visual Studio 2013
VisualStudioVersion = 12.0.40629.0
MinimumVisualStudioVersion = 10.0.40219.1
Project("{FAE04EC0-301F-11D3-BF4B-00C04F79EFBC}") = "PokerConfiguration", "PokerConfiguration\PokerConfiguration.csproj", "{2E5F11EA-C935-4CE8-AFE1-E7D0D26DBC8B}"
EndProject
Project("{FAE04EC0-301F-11D3-BF4B-00C04F79EFBC}") = "PokerConfiguration.Infra", "PokerConfiguration.Infra\PokerConfiguration.Infra.csproj", "{F838A60A-E721-422D-8E18-80A33CA045C9}"
EndProject
Project("{FAE04EC0-301F-11D3-BF4B-00C04F79EFBC}") = "PokerConfiguration.Dominio", "PokerConfiguration.Dominio\PokerConfiguration.Dominio.csproj", "{1788EC1A-466A-4032-8CC1-EC10B045C93E}"
EndProject
Project("{FAE04EC0-301F-11D3-BF4B-00C04F79EFBC}") = "PokerConfiguration.Aplicacao", "PokerConfiguration.Aplicacao\PokerConfiguration.Aplicacao.csproj", "{542360DE-D827-460B-A246-A5A7F8088BA8}"
EndProject
Global
	GlobalSection(SolutionConfigurationPlatforms) = preSolution
		Debug|Any CPU = Debug|Any CPU
		Release|Any CPU = Release|Any CPU
	EndGlobalSection
	GlobalSection(ProjectConfigurationPlatforms) = postSolution
		{2E5F11EA-C935-4CE8-AFE1-E7D0D26DBC8B}.Debug|Any CPU.ActiveCfg = Debug|Any CPU
		{2E5F11EA-C935-4CE8-AFE1-E7D0D26DBC8B}.Debug|Any CPU.Build.0 = Debug|Any CPU
		{2E5F11EA-C935-4CE8-AFE1-E7D0D26DBC8B}.Release|Any CPU.ActiveCfg = Release|Any CPU
		{2E5F11EA-C935-4CE8-AFE1-E7D0D26DBC8B}.Release|Any CPU.Build.0 = Release|Any CPU
		{F838A60A-E721-422D-8E18-80A33CA045C9}.Debug|Any CPU.ActiveCfg = Debug|Any CPU
		{F838A60A-E721-422D-8E18-80A33CA045C9}.Debug|Any CPU.Build.0 = Debug|Any CPU
		{F838A60A-E721-422D-8E18-80A33CA045C9}.Release|Any CPU.ActiveCfg = Release|Any CPU
		{F838A60A-E721-422D-8E18-80A33CA045C9}.Release|Any CPU.Build.0 = Release|Any CPU
		{1788EC1A-466A-4032-8CC1-EC10B045C93E}.Debug|Any CPU.ActiveCfg = Debug|Any CPU
		{1788EC1A-466A-4032-8CC1-EC10B045C93E}.Debug|Any CPU.Build.0 = Debug|Any CPU
		{1788EC1A-466A-4032-8CC1-EC10B045C93E}.Release|Any CPU.ActiveCfg = Release|Any CPU
		{1788EC1A-466A-4032-8CC1-EC10B045C93E}.Release|Any CPU.Build.0 = Release|Any CPU
		{542360DE-D827-460B-A246-A5A7F8088BA8}.Debug|Any CPU.ActiveCfg = Debug|Any CPU
		{542360DE-D827-460B-A246-A5A7F8088BA8}.Debug|Any CPU.Build.0 = Debug|Any CPU
		{542360DE-D827-460B-A246-A5A7F8088BA8}.Release|Any CPU.ActiveCfg = Release|Any CPU
		{542360DE-D827-460B-A246-A5A7F8088BA8}.Release|Any CPU.Build.0 = Release|Any CPU
	EndGlobalSection
	GlobalSection(SolutionProperties) = preSolution
		HideSolutionNode = FALSE
	EndGlobalSection
EndGlobal
